Microsoft Visual Studio Solution File, Format Version 12.00
# Visual Studio Version 17
VisualStudioVersion = 17.8.34330.188
MinimumVisualStudioVersion = 16.0.0.0
Project("{9A19103F-16F7-4668-BE54-9A1E7A4F7556}") = "BlazorInterAutoProj", "BlazorInterAutoProj\BlazorInterAutoProj.csproj", "{5EC6C350-3DAE-432F-B824-2DBFFF03072B}"
EndProject
Project("{9A19103F-16F7-4668-BE54-9A1E7A4F7556}") = "BlazorInterAutoProj.Client", "BlazorInterAutoProj.Client\BlazorInterAutoProj.Client.csproj", "{8BCBFE11-27D6-4E34-B363-BF715A7EBAE8}"
EndProject
Project("{9A19103F-16F7-4668-BE54-9A1E7A4F7556}") = "SharpRepoBackendProg2", "..\03_projects\SharpRepoBackend\SharpRepoBackendProg2\SharpRepoBackendProg2.csproj", "{D37FD7C7-91FC-4AC4-A4A4-BD2E02A2CA31}"
EndProject
Project("{9A19103F-16F7-4668-BE54-9A1E7A4F7556}") = "SharpSetupProg21Private", "..\23_projects\SharpSetup21\SharpSetupProg21Private\SharpSetupProg21Private.csproj", "{1A7696A3-8794-4072-98B4-CDAACD90F899}"
EndProject
Project("{9A19103F-16F7-4668-BE54-9A1E7A4F7556}") = "SharpRepoServiceProg", "..\03_projects\SharpRepoService\SharpRepoServiceProg\SharpRepoServiceProg.csproj", "{03E459E0-984E-441B-87AF-E030B80B781A}"
EndProject
Project("{9A19103F-16F7-4668-BE54-9A1E7A4F7556}") = "SharpFileServiceProg", "..\03_projects\SharpFileService\SharpFileServiceProg\SharpFileServiceProg.csproj", "{B7A3D285-4122-4C69-A849-2874B7337320}"
EndProject
Project("{9A19103F-16F7-4668-BE54-9A1E7A4F7556}") = "SharpButtonActionsProg", "..\03_projects\SharpButtonActions\SharpButtonActionsProg\SharpButtonActionsProg.csproj", "{7A0D2D0B-70F6-4693-9270-39B60E7C38F2}"
EndProject
Global
	GlobalSection(SolutionConfigurationPlatforms) = preSolution
		Debug|Any CPU = Debug|Any CPU
		Debug|x64 = Debug|x64
		Debug|x86 = Debug|x86
		Release|Any CPU = Release|Any CPU
		Release|x64 = Release|x64
		Release|x86 = Release|x86
	EndGlobalSection
	GlobalSection(ProjectConfigurationPlatforms) = postSolution
		{5EC6C350-3DAE-432F-B824-2DBFFF03072B}.Debug|Any CPU.ActiveCfg = Debug|Any CPU
		{5EC6C350-3DAE-432F-B824-2DBFFF03072B}.Debug|Any CPU.Build.0 = Debug|Any CPU
		{5EC6C350-3DAE-432F-B824-2DBFFF03072B}.Debug|x64.ActiveCfg = Debug|Any CPU
		{5EC6C350-3DAE-432F-B824-2DBFFF03072B}.Debug|x64.Build.0 = Debug|Any CPU
		{5EC6C350-3DAE-432F-B824-2DBFFF03072B}.Debug|x86.ActiveCfg = Debug|Any CPU
		{5EC6C350-3DAE-432F-B824-2DBFFF03072B}.Debug|x86.Build.0 = Debug|Any CPU
		{5EC6C350-3DAE-432F-B824-2DBFFF03072B}.Release|Any CPU.ActiveCfg = Release|Any CPU
		{5EC6C350-3DAE-432F-B824-2DBFFF03072B}.Release|Any CPU.Build.0 = Release|Any CPU
		{5EC6C350-3DAE-432F-B824-2DBFFF03072B}.Release|x64.ActiveCfg = Release|Any CPU
		{5EC6C350-3DAE-432F-B824-2DBFFF03072B}.Release|x64.Build.0 = Release|Any CPU
		{5EC6C350-3DAE-432F-B824-2DBFFF03072B}.Release|x86.ActiveCfg = Release|Any CPU
		{5EC6C350-3DAE-432F-B824-2DBFFF03072B}.Release|x86.Build.0 = Release|Any CPU
		{8BCBFE11-27D6-4E34-B363-BF715A7EBAE8}.Debug|Any CPU.ActiveCfg = Debug|Any CPU
		{8BCBFE11-27D6-4E34-B363-BF715A7EBAE8}.Debug|Any CPU.Build.0 = Debug|Any CPU
		{8BCBFE11-27D6-4E34-B363-BF715A7EBAE8}.Debug|x64.ActiveCfg = Debug|Any CPU
		{8BCBFE11-27D6-4E34-B363-BF715A7EBAE8}.Debug|x64.Build.0 = Debug|Any CPU
		{8BCBFE11-27D6-4E34-B363-BF715A7EBAE8}.Debug|x86.ActiveCfg = Debug|Any CPU
		{8BCBFE11-27D6-4E34-B363-BF715A7EBAE8}.Debug|x86.Build.0 = Debug|Any CPU
		{8BCBFE11-27D6-4E34-B363-BF715A7EBAE8}.Release|Any CPU.ActiveCfg = Release|Any CPU
		{8BCBFE11-27D6-4E34-B363-BF715A7EBAE8}.Release|Any CPU.Build.0 = Release|Any CPU
		{8BCBFE11-27D6-4E34-B363-BF715A7EBAE8}.Release|x64.ActiveCfg = Release|Any CPU
		{8BCBFE11-27D6-4E34-B363-BF715A7EBAE8}.Release|x64.Build.0 = Release|Any CPU
		{8BCBFE11-27D6-4E34-B363-BF715A7EBAE8}.Release|x86.ActiveCfg = Release|Any CPU
		{8BCBFE11-27D6-4E34-B363-BF715A7EBAE8}.Release|x86.Build.0 = Release|Any CPU
		{D37FD7C7-91FC-4AC4-A4A4-BD2E02A2CA31}.Debug|Any CPU.ActiveCfg = Debug|Any CPU
		{D37FD7C7-91FC-4AC4-A4A4-BD2E02A2CA31}.Debug|Any CPU.Build.0 = Debug|Any CPU
		{D37FD7C7-91FC-4AC4-A4A4-BD2E02A2CA31}.Debug|x64.ActiveCfg = Debug|Any CPU
		{D37FD7C7-91FC-4AC4-A4A4-BD2E02A2CA31}.Debug|x64.Build.0 = Debug|Any CPU
		{D37FD7C7-91FC-4AC4-A4A4-BD2E02A2CA31}.Debug|x86.ActiveCfg = Debug|Any CPU
		{D37FD7C7-91FC-4AC4-A4A4-BD2E02A2CA31}.Debug|x86.Build.0 = Debug|Any CPU
		{D37FD7C7-91FC-4AC4-A4A4-BD2E02A2CA31}.Release|Any CPU.ActiveCfg = Release|Any CPU
		{D37FD7C7-91FC-4AC4-A4A4-BD2E02A2CA31}.Release|Any CPU.Build.0 = Release|Any CPU
		{D37FD7C7-91FC-4AC4-A4A4-BD2E02A2CA31}.Release|x64.ActiveCfg = Release|Any CPU
		{D37FD7C7-91FC-4AC4-A4A4-BD2E02A2CA31}.Release|x64.Build.0 = Release|Any CPU
		{D37FD7C7-91FC-4AC4-A4A4-BD2E02A2CA31}.Release|x86.ActiveCfg = Release|Any CPU
		{D37FD7C7-91FC-4AC4-A4A4-BD2E02A2CA31}.Release|x86.Build.0 = Release|Any CPU
		{1A7696A3-8794-4072-98B4-CDAACD90F899}.Debug|Any CPU.ActiveCfg = Debug|Any CPU
		{1A7696A3-8794-4072-98B4-CDAACD90F899}.Debug|Any CPU.Build.0 = Debug|Any CPU
		{1A7696A3-8794-4072-98B4-CDAACD90F899}.Debug|x64.ActiveCfg = Debug|Any CPU
		{1A7696A3-8794-4072-98B4-CDAACD90F899}.Debug|x64.Build.0 = Debug|Any CPU
		{1A7696A3-8794-4072-98B4-CDAACD90F899}.Debug|x86.ActiveCfg = Debug|Any CPU
		{1A7696A3-8794-4072-98B4-CDAACD90F899}.Debug|x86.Build.0 = Debug|Any CPU
		{1A7696A3-8794-4072-98B4-CDAACD90F899}.Release|Any CPU.ActiveCfg = Release|Any CPU
		{1A7696A3-8794-4072-98B4-CDAACD90F899}.Release|Any CPU.Build.0 = Release|Any CPU
		{1A7696A3-8794-4072-98B4-CDAACD90F899}.Release|x64.ActiveCfg = Release|Any CPU
		{1A7696A3-8794-4072-98B4-CDAACD90F899}.Release|x64.Build.0 = Release|Any CPU
		{1A7696A3-8794-4072-98B4-CDAACD90F899}.Release|x86.ActiveCfg = Release|Any CPU
		{1A7696A3-8794-4072-98B4-CDAACD90F899}.Release|x86.Build.0 = Release|Any CPU
		{03E459E0-984E-441B-87AF-E030B80B781A}.Debug|Any CPU.ActiveCfg = Debug|Any CPU
		{03E459E0-984E-441B-87AF-E030B80B781A}.Debug|Any CPU.Build.0 = Debug|Any CPU
		{03E459E0-984E-441B-87AF-E030B80B781A}.Debug|x64.ActiveCfg = Debug|Any CPU
		{03E459E0-984E-441B-87AF-E030B80B781A}.Debug|x64.Build.0 = Debug|Any CPU
		{03E459E0-984E-441B-87AF-E030B80B781A}.Debug|x86.ActiveCfg = Debug|Any CPU
		{03E459E0-984E-441B-87AF-E030B80B781A}.Debug|x86.Build.0 = Debug|Any CPU
		{03E459E0-984E-441B-87AF-E030B80B781A}.Release|Any CPU.ActiveCfg = Release|Any CPU
		{03E459E0-984E-441B-87AF-E030B80B781A}.Release|Any CPU.Build.0 = Release|Any CPU
		{03E459E0-984E-441B-87AF-E030B80B781A}.Release|x64.ActiveCfg = Release|Any CPU
		{03E459E0-984E-441B-87AF-E030B80B781A}.Release|x64.Build.0 = Release|Any CPU
		{03E459E0-984E-441B-87AF-E030B80B781A}.Release|x86.ActiveCfg = Release|Any CPU
		{03E459E0-984E-441B-87AF-E030B80B781A}.Release|x86.Build.0 = Release|Any CPU
		{B7A3D285-4122-4C69-A849-2874B7337320}.Debug|Any CPU.ActiveCfg = Debug|Any CPU
		{B7A3D285-4122-4C69-A849-2874B7337320}.Debug|Any CPU.Build.0 = Debug|Any CPU
		{B7A3D285-4122-4C69-A849-2874B7337320}.Debug|x64.ActiveCfg = Debug|Any CPU
		{B7A3D285-4122-4C69-A849-2874B7337320}.Debug|x64.Build.0 = Debug|Any CPU
		{B7A3D285-4122-4C69-A849-2874B7337320}.Debug|x86.ActiveCfg = Debug|Any CPU
		{B7A3D285-4122-4C69-A849-2874B7337320}.Debug|x86.Build.0 = Debug|Any CPU
		{B7A3D285-4122-4C69-A849-2874B7337320}.Release|Any CPU.ActiveCfg = Release|Any CPU
		{B7A3D285-4122-4C69-A849-2874B7337320}.Release|Any CPU.Build.0 = Release|Any CPU
		{B7A3D285-4122-4C69-A849-2874B7337320}.Release|x64.ActiveCfg = Release|Any CPU
		{B7A3D285-4122-4C69-A849-2874B7337320}.Release|x64.Build.0 = Release|Any CPU
		{B7A3D285-4122-4C69-A849-2874B7337320}.Release|x86.ActiveCfg = Release|Any CPU
		{B7A3D285-4122-4C69-A849-2874B7337320}.Release|x86.Build.0 = Release|Any CPU
		{7A0D2D0B-70F6-4693-9270-39B60E7C38F2}.Debug|Any CPU.ActiveCfg = Debug|Any CPU
		{7A0D2D0B-70F6-4693-9270-39B60E7C38F2}.Debug|Any CPU.Build.0 = Debug|Any CPU
		{7A0D2D0B-70F6-4693-9270-39B60E7C38F2}.Debug|x64.ActiveCfg = Debug|Any CPU
		{7A0D2D0B-70F6-4693-9270-39B60E7C38F2}.Debug|x64.Build.0 = Debug|Any CPU
		{7A0D2D0B-70F6-4693-9270-39B60E7C38F2}.Debug|x86.ActiveCfg = Debug|Any CPU
		{7A0D2D0B-70F6-4693-9270-39B60E7C38F2}.Debug|x86.Build.0 = Debug|Any CPU
		{7A0D2D0B-70F6-4693-9270-39B60E7C38F2}.Release|Any CPU.ActiveCfg = Release|Any CPU
		{7A0D2D0B-70F6-4693-9270-39B60E7C38F2}.Release|Any CPU.Build.0 = Release|Any CPU
		{7A0D2D0B-70F6-4693-9270-39B60E7C38F2}.Release|x64.ActiveCfg = Release|Any CPU
		{7A0D2D0B-70F6-4693-9270-39B60E7C38F2}.Release|x64.Build.0 = Release|Any CPU
		{7A0D2D0B-70F6-4693-9270-39B60E7C38F2}.Release|x86.ActiveCfg = Release|Any CPU
		{7A0D2D0B-70F6-4693-9270-39B60E7C38F2}.Release|x86.Build.0 = Release|Any CPU
	EndGlobalSection
	GlobalSection(SolutionProperties) = preSolution
		HideSolutionNode = FALSE
	EndGlobalSection
	GlobalSection(ExtensibilityGlobals) = postSolution
		SolutionGuid = {E46A002D-9BE2-48DF-865B-F8F6616157C9}
	EndGlobalSection
EndGlobal
