
Microsoft Visual Studio Solution File, Format Version 12.00
# Visual Studio Version 17
VisualStudioVersion = 17.7.34031.279
MinimumVisualStudioVersion = 10.0.40219.1
Project("{FAE04EC0-301F-11D3-BF4B-00C04F79EFBC}") = "SharpTtsServiceProg", "SharpTtsServiceProg.csproj", "{E0D02470-713C-4139-85B5-1A2B348F784B}"
EndProject
Project("{9A19103F-16F7-4668-BE54-9A1E7A4F7556}") = "SharpContainerProg", "..\..\SharpContainer\SharpContainerProg\SharpContainerProg.csproj", "{295E8BE5-63B4-4FB8-A4C7-17D471351887}"
EndProject
Project("{9A19103F-16F7-4668-BE54-9A1E7A4F7556}") = "SharpRepoServiceProg", "..\..\SharpRepoService\SharpRepoServiceProg\SharpRepoServiceProg.csproj", "{52B95F84-4158-4F2E-B840-4EEF50B9FBBD}"
EndProject
Project("{9A19103F-16F7-4668-BE54-9A1E7A4F7556}") = "SharpSetupProg21Private", "..\..\..\23_projects\SharpSetup21\SharpSetupProg21Private\SharpSetupProg21Private.csproj", "{0811FD90-37EE-4B71-8A8F-F24FBE26A5C6}"
EndProject
Global
	GlobalSection(SolutionConfigurationPlatforms) = preSolution
		Debug|Any CPU = Debug|Any CPU
		Release|Any CPU = Release|Any CPU
	EndGlobalSection
	GlobalSection(ProjectConfigurationPlatforms) = postSolution
		{E0D02470-713C-4139-85B5-1A2B348F784B}.Debug|Any CPU.ActiveCfg = Debug|Any CPU
		{E0D02470-713C-4139-85B5-1A2B348F784B}.Debug|Any CPU.Build.0 = Debug|Any CPU
		{E0D02470-713C-4139-85B5-1A2B348F784B}.Release|Any CPU.ActiveCfg = Release|Any CPU
		{E0D02470-713C-4139-85B5-1A2B348F784B}.Release|Any CPU.Build.0 = Release|Any CPU
		{295E8BE5-63B4-4FB8-A4C7-17D471351887}.Debug|Any CPU.ActiveCfg = Debug|Any CPU
		{295E8BE5-63B4-4FB8-A4C7-17D471351887}.Debug|Any CPU.Build.0 = Debug|Any CPU
		{295E8BE5-63B4-4FB8-A4C7-17D471351887}.Release|Any CPU.ActiveCfg = Release|Any CPU
		{295E8BE5-63B4-4FB8-A4C7-17D471351887}.Release|Any CPU.Build.0 = Release|Any CPU
		{52B95F84-4158-4F2E-B840-4EEF50B9FBBD}.Debug|Any CPU.ActiveCfg = Debug|Any CPU
		{52B95F84-4158-4F2E-B840-4EEF50B9FBBD}.Debug|Any CPU.Build.0 = Debug|Any CPU
		{52B95F84-4158-4F2E-B840-4EEF50B9FBBD}.Release|Any CPU.ActiveCfg = Release|Any CPU
		{52B95F84-4158-4F2E-B840-4EEF50B9FBBD}.Release|Any CPU.Build.0 = Release|Any CPU
		{0811FD90-37EE-4B71-8A8F-F24FBE26A5C6}.Debug|Any CPU.ActiveCfg = Debug|Any CPU
		{0811FD90-37EE-4B71-8A8F-F24FBE26A5C6}.Debug|Any CPU.Build.0 = Debug|Any CPU
		{0811FD90-37EE-4B71-8A8F-F24FBE26A5C6}.Release|Any CPU.ActiveCfg = Release|Any CPU
		{0811FD90-37EE-4B71-8A8F-F24FBE26A5C6}.Release|Any CPU.Build.0 = Release|Any CPU
	EndGlobalSection
	GlobalSection(SolutionProperties) = preSolution
		HideSolutionNode = FALSE
	EndGlobalSection
	GlobalSection(ExtensibilityGlobals) = postSolution
		SolutionGuid = {218EA947-AC2F-4B3D-AF09-25D2316857EB}
	EndGlobalSection
EndGlobal
