
Microsoft Visual Studio Solution File, Format Version 12.00
# Visual Studio Version 16
VisualStudioVersion = 16.0.31005.135
MinimumVisualStudioVersion = 10.0.40219.1
Project("{FAE04EC0-301F-11D3-BF4B-00C04F79EFBC}") = "HeadersToPdfCoreProj", "HeadersToPdfCoreProj.csproj", "{DD0DADAD-2279-4029-85AA-D9E4C71CB34E}"
EndProject
Project("{9A19103F-16F7-4668-BE54-9A1E7A4F7556}") = "PdfService2CoreProj", "..\PdfService2CoreProj\PdfService2CoreProj.csproj", "{6EAED713-7538-4F8B-86D4-3EEAE242D1F4}"
EndProject
Project("{9A19103F-16F7-4668-BE54-9A1E7A4F7556}") = "TextHeaderAnalyzerCoreProj", "..\TextHeaderAnalyzerCoreProj\TextHeaderAnalyzerCoreProj.csproj", "{F83EE3E1-1D1C-4ED0-9F8F-DE4D8FCA8EC8}"
EndProject
Global
	GlobalSection(SolutionConfigurationPlatforms) = preSolution
		Debug|Any CPU = Debug|Any CPU
		Release|Any CPU = Release|Any CPU
	EndGlobalSection
	GlobalSection(ProjectConfigurationPlatforms) = postSolution
		{DD0DADAD-2279-4029-85AA-D9E4C71CB34E}.Debug|Any CPU.ActiveCfg = Debug|Any CPU
		{DD0DADAD-2279-4029-85AA-D9E4C71CB34E}.Debug|Any CPU.Build.0 = Debug|Any CPU
		{DD0DADAD-2279-4029-85AA-D9E4C71CB34E}.Release|Any CPU.ActiveCfg = Release|Any CPU
		{DD0DADAD-2279-4029-85AA-D9E4C71CB34E}.Release|Any CPU.Build.0 = Release|Any CPU
		{6EAED713-7538-4F8B-86D4-3EEAE242D1F4}.Debug|Any CPU.ActiveCfg = Debug|Any CPU
		{6EAED713-7538-4F8B-86D4-3EEAE242D1F4}.Debug|Any CPU.Build.0 = Debug|Any CPU
		{6EAED713-7538-4F8B-86D4-3EEAE242D1F4}.Release|Any CPU.ActiveCfg = Release|Any CPU
		{6EAED713-7538-4F8B-86D4-3EEAE242D1F4}.Release|Any CPU.Build.0 = Release|Any CPU
		{F83EE3E1-1D1C-4ED0-9F8F-DE4D8FCA8EC8}.Debug|Any CPU.ActiveCfg = Debug|Any CPU
		{F83EE3E1-1D1C-4ED0-9F8F-DE4D8FCA8EC8}.Debug|Any CPU.Build.0 = Debug|Any CPU
		{F83EE3E1-1D1C-4ED0-9F8F-DE4D8FCA8EC8}.Release|Any CPU.ActiveCfg = Release|Any CPU
		{F83EE3E1-1D1C-4ED0-9F8F-DE4D8FCA8EC8}.Release|Any CPU.Build.0 = Release|Any CPU
	EndGlobalSection
	GlobalSection(SolutionProperties) = preSolution
		HideSolutionNode = FALSE
	EndGlobalSection
	GlobalSection(ExtensibilityGlobals) = postSolution
		SolutionGuid = {5602C4CB-5696-4EA3-A2D6-B2A205A58DE8}
	EndGlobalSection
EndGlobal
